
Microsoft Visual Studio Solution File, Format Version 12.00
# Visual Studio 15
VisualStudioVersion = 15.0.27004.2006
MinimumVisualStudioVersion = 10.0.40219.1
Project("{FAE04EC0-301F-11D3-BF4B-00C04F79EFBC}") = "MatrixLibrary", "MatrixLibrary\MatrixLibrary.csproj", "{118522F6-9930-4ED1-8366-3F6628BF5BDC}"
EndProject
Global
	GlobalSection(SolutionConfigurationPlatforms) = preSolution
		Debug|Any CPU = Debug|Any CPU
		Release|Any CPU = Release|Any CPU
	EndGlobalSection
	GlobalSection(ProjectConfigurationPlatforms) = postSolution
		{118522F6-9930-4ED1-8366-3F6628BF5BDC}.Debug|Any CPU.ActiveCfg = Debug|Any CPU
		{118522F6-9930-4ED1-8366-3F6628BF5BDC}.Debug|Any CPU.Build.0 = Debug|Any CPU
		{118522F6-9930-4ED1-8366-3F6628BF5BDC}.Release|Any CPU.ActiveCfg = Release|Any CPU
		{118522F6-9930-4ED1-8366-3F6628BF5BDC}.Release|Any CPU.Build.0 = Release|Any CPU
	EndGlobalSection
	GlobalSection(SolutionProperties) = preSolution
		HideSolutionNode = FALSE
	EndGlobalSection
	GlobalSection(ExtensibilityGlobals) = postSolution
		SolutionGuid = {62798B1B-EDF1-44ED-9C4B-0DFEBAA94C96}
	EndGlobalSection
EndGlobal
