
Microsoft Visual Studio Solution File, Format Version 12.00
# Visual Studio 14
VisualStudioVersion = 14.0.25420.1
MinimumVisualStudioVersion = 10.0.40219.1
Project("{FAE04EC0-301F-11D3-BF4B-00C04F79EFBC}") = "PolynomLibrary", "PolynomLibrary\PolynomLibrary.csproj", "{60D49798-BF53-461A-963F-9AAF78715D65}"
EndProject
Project("{FAE04EC0-301F-11D3-BF4B-00C04F79EFBC}") = "PolynomLibrary.Tests", "PolynomLibrary.Tests\PolynomLibrary.Tests.csproj", "{067456C0-086C-46A8-B37F-1405717B7BFC}"
EndProject
Project("{FAE04EC0-301F-11D3-BF4B-00C04F79EFBC}") = "ArrayLibrary", "ArrayLibrary\ArrayLibrary.csproj", "{CEC368AB-BD2E-4779-BFAE-CDEBDC1BB690}"
EndProject
Project("{FAE04EC0-301F-11D3-BF4B-00C04F79EFBC}") = "ArrayLibrary.Tests", "ArrayLibrary.Tests\ArrayLibrary.Tests.csproj", "{0734A895-9B05-4B0B-9034-BBBD4A1B8C28}"
EndProject
Global
	GlobalSection(SolutionConfigurationPlatforms) = preSolution
		Debug|Any CPU = Debug|Any CPU
		Release|Any CPU = Release|Any CPU
	EndGlobalSection
	GlobalSection(ProjectConfigurationPlatforms) = postSolution
		{60D49798-BF53-461A-963F-9AAF78715D65}.Debug|Any CPU.ActiveCfg = Debug|Any CPU
		{60D49798-BF53-461A-963F-9AAF78715D65}.Debug|Any CPU.Build.0 = Debug|Any CPU
		{60D49798-BF53-461A-963F-9AAF78715D65}.Release|Any CPU.ActiveCfg = Release|Any CPU
		{60D49798-BF53-461A-963F-9AAF78715D65}.Release|Any CPU.Build.0 = Release|Any CPU
		{067456C0-086C-46A8-B37F-1405717B7BFC}.Debug|Any CPU.ActiveCfg = Debug|Any CPU
		{067456C0-086C-46A8-B37F-1405717B7BFC}.Debug|Any CPU.Build.0 = Debug|Any CPU
		{067456C0-086C-46A8-B37F-1405717B7BFC}.Release|Any CPU.ActiveCfg = Release|Any CPU
		{067456C0-086C-46A8-B37F-1405717B7BFC}.Release|Any CPU.Build.0 = Release|Any CPU
		{CEC368AB-BD2E-4779-BFAE-CDEBDC1BB690}.Debug|Any CPU.ActiveCfg = Debug|Any CPU
		{CEC368AB-BD2E-4779-BFAE-CDEBDC1BB690}.Debug|Any CPU.Build.0 = Debug|Any CPU
		{CEC368AB-BD2E-4779-BFAE-CDEBDC1BB690}.Release|Any CPU.ActiveCfg = Release|Any CPU
		{CEC368AB-BD2E-4779-BFAE-CDEBDC1BB690}.Release|Any CPU.Build.0 = Release|Any CPU
		{0734A895-9B05-4B0B-9034-BBBD4A1B8C28}.Debug|Any CPU.ActiveCfg = Debug|Any CPU
		{0734A895-9B05-4B0B-9034-BBBD4A1B8C28}.Debug|Any CPU.Build.0 = Debug|Any CPU
		{0734A895-9B05-4B0B-9034-BBBD4A1B8C28}.Release|Any CPU.ActiveCfg = Release|Any CPU
		{0734A895-9B05-4B0B-9034-BBBD4A1B8C28}.Release|Any CPU.Build.0 = Release|Any CPU
	EndGlobalSection
	GlobalSection(SolutionProperties) = preSolution
		HideSolutionNode = FALSE
	EndGlobalSection
EndGlobal
